
Microsoft Visual Studio Solution File, Format Version 12.00
# Visual Studio Version 17
VisualStudioVersion = 17.0.31903.59
MinimumVisualStudioVersion = 10.0.40219.1
Project("{FAE04EC0-301F-11D3-BF4B-00C04F79EFBC}") = "WebApp", "WebApp\WebApp.csproj", "{717BA22C-833E-470A-AD97-FDD8B4853684}"
EndProject
Project("{FAE04EC0-301F-11D3-BF4B-00C04F79EFBC}") = "Models", "Models\Models.csproj", "{403CCC7A-D625-401F-A9B4-9CB1902B088D}"
EndProject
Project("{FAE04EC0-301F-11D3-BF4B-00C04F79EFBC}") = "Application", "Application\Application.csproj", "{3D52614A-C579-4D1A-80B8-4951A247B450}"
EndProject
Project("{FAE04EC0-301F-11D3-BF4B-00C04F79EFBC}") = "TestPersistance", "TestPersistance\TestPersistance.csproj", "{B7CE5186-B66A-413F-AA06-4AAD810442AD}"
EndProject
Project("{FAE04EC0-301F-11D3-BF4B-00C04F79EFBC}") = "ConsoleDemo", "ConsoleDemo\ConsoleDemo.csproj", "{E3229EEE-98A7-44A0-99B5-781930DE2674}"
EndProject
Global
	GlobalSection(SolutionConfigurationPlatforms) = preSolution
		Debug|Any CPU = Debug|Any CPU
		Release|Any CPU = Release|Any CPU
	EndGlobalSection
	GlobalSection(SolutionProperties) = preSolution
		HideSolutionNode = FALSE
	EndGlobalSection
	GlobalSection(ProjectConfigurationPlatforms) = postSolution
		{717BA22C-833E-470A-AD97-FDD8B4853684}.Debug|Any CPU.ActiveCfg = Debug|Any CPU
		{717BA22C-833E-470A-AD97-FDD8B4853684}.Debug|Any CPU.Build.0 = Debug|Any CPU
		{717BA22C-833E-470A-AD97-FDD8B4853684}.Release|Any CPU.ActiveCfg = Release|Any CPU
		{717BA22C-833E-470A-AD97-FDD8B4853684}.Release|Any CPU.Build.0 = Release|Any CPU
		{403CCC7A-D625-401F-A9B4-9CB1902B088D}.Debug|Any CPU.ActiveCfg = Debug|Any CPU
		{403CCC7A-D625-401F-A9B4-9CB1902B088D}.Debug|Any CPU.Build.0 = Debug|Any CPU
		{403CCC7A-D625-401F-A9B4-9CB1902B088D}.Release|Any CPU.ActiveCfg = Release|Any CPU
		{403CCC7A-D625-401F-A9B4-9CB1902B088D}.Release|Any CPU.Build.0 = Release|Any CPU
		{3D52614A-C579-4D1A-80B8-4951A247B450}.Debug|Any CPU.ActiveCfg = Debug|Any CPU
		{3D52614A-C579-4D1A-80B8-4951A247B450}.Debug|Any CPU.Build.0 = Debug|Any CPU
		{3D52614A-C579-4D1A-80B8-4951A247B450}.Release|Any CPU.ActiveCfg = Release|Any CPU
		{3D52614A-C579-4D1A-80B8-4951A247B450}.Release|Any CPU.Build.0 = Release|Any CPU
		{B7CE5186-B66A-413F-AA06-4AAD810442AD}.Debug|Any CPU.ActiveCfg = Debug|Any CPU
		{B7CE5186-B66A-413F-AA06-4AAD810442AD}.Debug|Any CPU.Build.0 = Debug|Any CPU
		{B7CE5186-B66A-413F-AA06-4AAD810442AD}.Release|Any CPU.ActiveCfg = Release|Any CPU
		{B7CE5186-B66A-413F-AA06-4AAD810442AD}.Release|Any CPU.Build.0 = Release|Any CPU
		{E3229EEE-98A7-44A0-99B5-781930DE2674}.Debug|Any CPU.ActiveCfg = Debug|Any CPU
		{E3229EEE-98A7-44A0-99B5-781930DE2674}.Debug|Any CPU.Build.0 = Debug|Any CPU
		{E3229EEE-98A7-44A0-99B5-781930DE2674}.Release|Any CPU.ActiveCfg = Release|Any CPU
		{E3229EEE-98A7-44A0-99B5-781930DE2674}.Release|Any CPU.Build.0 = Release|Any CPU
	EndGlobalSection
EndGlobal
